
Microsoft Visual Studio Solution File, Format Version 12.00
# Visual Studio Version 16
VisualStudioVersion = 16.0.32106.194
MinimumVisualStudioVersion = 10.0.40219.1
Project("{FAE04EC0-301F-11D3-BF4B-00C04F79EFBC}") = "CapaVista", "CapaVista\CapaVista.csproj", "{4C6C154B-361D-4399-9CA0-D78BA8F40FDF}"
EndProject
Project("{FAE04EC0-301F-11D3-BF4B-00C04F79EFBC}") = "CapaControlador", "CapaControlador\CapaControlador.csproj", "{AADE503C-DAA3-4A42-8AB8-558E3EABF21F}"
EndProject
Project("{FAE04EC0-301F-11D3-BF4B-00C04F79EFBC}") = "CapaModelo", "CapaModelo\CapaModelo.csproj", "{91718A6B-F9A7-4786-AF2B-7C5F8EF3E701}"
EndProject
Global
	GlobalSection(SolutionConfigurationPlatforms) = preSolution
		Debug|Any CPU = Debug|Any CPU
		Release|Any CPU = Release|Any CPU
	EndGlobalSection
	GlobalSection(ProjectConfigurationPlatforms) = postSolution
		{4C6C154B-361D-4399-9CA0-D78BA8F40FDF}.Debug|Any CPU.ActiveCfg = Debug|Any CPU
		{4C6C154B-361D-4399-9CA0-D78BA8F40FDF}.Debug|Any CPU.Build.0 = Debug|Any CPU
		{4C6C154B-361D-4399-9CA0-D78BA8F40FDF}.Release|Any CPU.ActiveCfg = Release|Any CPU
		{4C6C154B-361D-4399-9CA0-D78BA8F40FDF}.Release|Any CPU.Build.0 = Release|Any CPU
		{AADE503C-DAA3-4A42-8AB8-558E3EABF21F}.Debug|Any CPU.ActiveCfg = Debug|Any CPU
		{AADE503C-DAA3-4A42-8AB8-558E3EABF21F}.Debug|Any CPU.Build.0 = Debug|Any CPU
		{AADE503C-DAA3-4A42-8AB8-558E3EABF21F}.Release|Any CPU.ActiveCfg = Release|Any CPU
		{AADE503C-DAA3-4A42-8AB8-558E3EABF21F}.Release|Any CPU.Build.0 = Release|Any CPU
		{91718A6B-F9A7-4786-AF2B-7C5F8EF3E701}.Debug|Any CPU.ActiveCfg = Debug|Any CPU
		{91718A6B-F9A7-4786-AF2B-7C5F8EF3E701}.Debug|Any CPU.Build.0 = Debug|Any CPU
		{91718A6B-F9A7-4786-AF2B-7C5F8EF3E701}.Release|Any CPU.ActiveCfg = Release|Any CPU
		{91718A6B-F9A7-4786-AF2B-7C5F8EF3E701}.Release|Any CPU.Build.0 = Release|Any CPU
	EndGlobalSection
	GlobalSection(SolutionProperties) = preSolution
		HideSolutionNode = FALSE
	EndGlobalSection
	GlobalSection(ExtensibilityGlobals) = postSolution
		SolutionGuid = {756CE56E-DAA2-47D3-80A4-13575184E4B6}
	EndGlobalSection
EndGlobal
